
Microsoft Visual Studio Solution File, Format Version 12.00
# Visual Studio Version 16
VisualStudioVersion = 16.0.29411.108
MinimumVisualStudioVersion = 10.0.40219.1
Project("{FAE04EC0-301F-11D3-BF4B-00C04F79EFBC}") = "EMSUVAPI", "EMSUVAPI\EMSUVAPI.csproj", "{A7A3A1C6-99EA-449C-87D0-98BE513BEBA6}"
EndProject
Project("{FAE04EC0-301F-11D3-BF4B-00C04F79EFBC}") = "EMSVExtentions", "EMSVExtentions\EMSVExtentions.csproj", "{2A807E99-D66C-4666-B3AA-B675419AD645}"
EndProject
Project("{FAE04EC0-301F-11D3-BF4B-00C04F79EFBC}") = "EMSVUAPIBusiness", "EMSVUAPIBusiness\EMSVUAPIBusiness.csproj", "{DAEAB076-7532-4504-B6C8-AEC3FC782467}"
EndProject
Project("{FAE04EC0-301F-11D3-BF4B-00C04F79EFBC}") = "EMSVWPIDataContext", "EMSVWPIDataContext\EMSVWPIDataContext.csproj", "{14449A8B-79CF-4D85-A938-A8379185270D}"
EndProject
Project("{FAE04EC0-301F-11D3-BF4B-00C04F79EFBC}") = "EMSVAPIModel", "EMSVAPIModel\EMSVAPIModel.csproj", "{B071735C-80D1-4384-A188-8ECA4E97368D}"
EndProject
Global
	GlobalSection(SolutionConfigurationPlatforms) = preSolution
		Debug|Any CPU = Debug|Any CPU
		Release|Any CPU = Release|Any CPU
	EndGlobalSection
	GlobalSection(ProjectConfigurationPlatforms) = postSolution
		{A7A3A1C6-99EA-449C-87D0-98BE513BEBA6}.Debug|Any CPU.ActiveCfg = Debug|Any CPU
		{A7A3A1C6-99EA-449C-87D0-98BE513BEBA6}.Debug|Any CPU.Build.0 = Debug|Any CPU
		{A7A3A1C6-99EA-449C-87D0-98BE513BEBA6}.Release|Any CPU.ActiveCfg = Release|Any CPU
		{A7A3A1C6-99EA-449C-87D0-98BE513BEBA6}.Release|Any CPU.Build.0 = Release|Any CPU
		{2A807E99-D66C-4666-B3AA-B675419AD645}.Debug|Any CPU.ActiveCfg = Debug|Any CPU
		{2A807E99-D66C-4666-B3AA-B675419AD645}.Debug|Any CPU.Build.0 = Debug|Any CPU
		{2A807E99-D66C-4666-B3AA-B675419AD645}.Release|Any CPU.ActiveCfg = Release|Any CPU
		{2A807E99-D66C-4666-B3AA-B675419AD645}.Release|Any CPU.Build.0 = Release|Any CPU
		{DAEAB076-7532-4504-B6C8-AEC3FC782467}.Debug|Any CPU.ActiveCfg = Debug|Any CPU
		{DAEAB076-7532-4504-B6C8-AEC3FC782467}.Debug|Any CPU.Build.0 = Debug|Any CPU
		{DAEAB076-7532-4504-B6C8-AEC3FC782467}.Release|Any CPU.ActiveCfg = Release|Any CPU
		{DAEAB076-7532-4504-B6C8-AEC3FC782467}.Release|Any CPU.Build.0 = Release|Any CPU
		{14449A8B-79CF-4D85-A938-A8379185270D}.Debug|Any CPU.ActiveCfg = Debug|Any CPU
		{14449A8B-79CF-4D85-A938-A8379185270D}.Debug|Any CPU.Build.0 = Debug|Any CPU
		{14449A8B-79CF-4D85-A938-A8379185270D}.Release|Any CPU.ActiveCfg = Release|Any CPU
		{14449A8B-79CF-4D85-A938-A8379185270D}.Release|Any CPU.Build.0 = Release|Any CPU
		{B071735C-80D1-4384-A188-8ECA4E97368D}.Debug|Any CPU.ActiveCfg = Debug|Any CPU
		{B071735C-80D1-4384-A188-8ECA4E97368D}.Debug|Any CPU.Build.0 = Debug|Any CPU
		{B071735C-80D1-4384-A188-8ECA4E97368D}.Release|Any CPU.ActiveCfg = Release|Any CPU
		{B071735C-80D1-4384-A188-8ECA4E97368D}.Release|Any CPU.Build.0 = Release|Any CPU
	EndGlobalSection
	GlobalSection(SolutionProperties) = preSolution
		HideSolutionNode = FALSE
	EndGlobalSection
	GlobalSection(ExtensibilityGlobals) = postSolution
		SolutionGuid = {E1E6E769-0FDD-46BA-8837-F1124C023922}
	EndGlobalSection
EndGlobal
